
Microsoft Visual Studio Solution File, Format Version 12.00
# Visual Studio Version 17
VisualStudioVersion = 17.0.31903.59
MinimumVisualStudioVersion = 10.0.40219.1
Project("{FAE04EC0-301F-11D3-BF4B-00C04F79EFBC}") = "Cli", "cli\Cli.csproj", "{9762DA60-9D4B-44BC-B25B-98583681F1D3}"
EndProject
Project("{FAE04EC0-301F-11D3-BF4B-00C04F79EFBC}") = "Common", "common\Common.csproj", "{658ADE6A-E92A-4808-9EB2-6F76A87A19EC}"
EndProject
Project("{FAE04EC0-301F-11D3-BF4B-00C04F79EFBC}") = "Collector", "collector\Collector.csproj", "{5A62AF3C-CC1F-493D-83E6-83495ECA4D61}"
EndProject
Project("{FAE04EC0-301F-11D3-BF4B-00C04F79EFBC}") = "Common Tests", "tests\common\common.csproj", "{63E113A5-C5CA-42E1-A833-185DBDFA7472}"
EndProject
Project("{FAE04EC0-301F-11D3-BF4B-00C04F79EFBC}") = "Admin", "admin\Admin.csproj", "{D3B5C74D-28AD-47AD-8E84-90DFE37126F3}"
EndProject
Global
	GlobalSection(SolutionConfigurationPlatforms) = preSolution
		Debug|Any CPU = Debug|Any CPU
		Release|Any CPU = Release|Any CPU
	EndGlobalSection
	GlobalSection(SolutionProperties) = preSolution
		HideSolutionNode = FALSE
	EndGlobalSection
	GlobalSection(ProjectConfigurationPlatforms) = postSolution
		{9762DA60-9D4B-44BC-B25B-98583681F1D3}.Debug|Any CPU.ActiveCfg = Debug|Any CPU
		{9762DA60-9D4B-44BC-B25B-98583681F1D3}.Debug|Any CPU.Build.0 = Debug|Any CPU
		{9762DA60-9D4B-44BC-B25B-98583681F1D3}.Release|Any CPU.ActiveCfg = Release|Any CPU
		{9762DA60-9D4B-44BC-B25B-98583681F1D3}.Release|Any CPU.Build.0 = Release|Any CPU
		{658ADE6A-E92A-4808-9EB2-6F76A87A19EC}.Debug|Any CPU.ActiveCfg = Debug|Any CPU
		{658ADE6A-E92A-4808-9EB2-6F76A87A19EC}.Debug|Any CPU.Build.0 = Debug|Any CPU
		{658ADE6A-E92A-4808-9EB2-6F76A87A19EC}.Release|Any CPU.ActiveCfg = Release|Any CPU
		{658ADE6A-E92A-4808-9EB2-6F76A87A19EC}.Release|Any CPU.Build.0 = Release|Any CPU
		{5A62AF3C-CC1F-493D-83E6-83495ECA4D61}.Debug|Any CPU.ActiveCfg = Debug|Any CPU
		{5A62AF3C-CC1F-493D-83E6-83495ECA4D61}.Debug|Any CPU.Build.0 = Debug|Any CPU
		{5A62AF3C-CC1F-493D-83E6-83495ECA4D61}.Release|Any CPU.ActiveCfg = Release|Any CPU
		{5A62AF3C-CC1F-493D-83E6-83495ECA4D61}.Release|Any CPU.Build.0 = Release|Any CPU
		{63E113A5-C5CA-42E1-A833-185DBDFA7472}.Debug|Any CPU.ActiveCfg = Debug|Any CPU
		{63E113A5-C5CA-42E1-A833-185DBDFA7472}.Debug|Any CPU.Build.0 = Debug|Any CPU
		{63E113A5-C5CA-42E1-A833-185DBDFA7472}.Release|Any CPU.ActiveCfg = Release|Any CPU
		{63E113A5-C5CA-42E1-A833-185DBDFA7472}.Release|Any CPU.Build.0 = Release|Any CPU
		{D3B5C74D-28AD-47AD-8E84-90DFE37126F3}.Debug|Any CPU.ActiveCfg = Debug|Any CPU
		{D3B5C74D-28AD-47AD-8E84-90DFE37126F3}.Debug|Any CPU.Build.0 = Debug|Any CPU
		{D3B5C74D-28AD-47AD-8E84-90DFE37126F3}.Release|Any CPU.ActiveCfg = Release|Any CPU
		{D3B5C74D-28AD-47AD-8E84-90DFE37126F3}.Release|Any CPU.Build.0 = Release|Any CPU
	EndGlobalSection
EndGlobal
